
Microsoft Visual Studio Solution File, Format Version 12.00
# Visual Studio Version 17
VisualStudioVersion = 17.3.32922.545
MinimumVisualStudioVersion = 10.0.40219.1
Project("{9A19103F-16F7-4668-BE54-9A1E7A4F7556}") = "COSLApplications.Server", "COSLApplications\Server\COSLApplications.Server.csproj", "{96FBC936-F44E-4DE2-A64F-7E88E4CCD1E8}"
EndProject
Project("{9A19103F-16F7-4668-BE54-9A1E7A4F7556}") = "COSLApplications.Client", "COSLApplications\Client\COSLApplications.Client.csproj", "{FDEFA943-3CBD-40D1-8389-558BC85CD06D}"
EndProject
Project("{9A19103F-16F7-4668-BE54-9A1E7A4F7556}") = "COSLApplications.Shared", "COSLApplications\Shared\COSLApplications.Shared.csproj", "{D9EFD0C4-9309-4B1F-926F-CFCF67EB2A77}"
EndProject
Global
	GlobalSection(SolutionConfigurationPlatforms) = preSolution
		Debug|Any CPU = Debug|Any CPU
		Release|Any CPU = Release|Any CPU
	EndGlobalSection
	GlobalSection(ProjectConfigurationPlatforms) = postSolution
		{96FBC936-F44E-4DE2-A64F-7E88E4CCD1E8}.Debug|Any CPU.ActiveCfg = Debug|Any CPU
		{96FBC936-F44E-4DE2-A64F-7E88E4CCD1E8}.Debug|Any CPU.Build.0 = Debug|Any CPU
		{96FBC936-F44E-4DE2-A64F-7E88E4CCD1E8}.Release|Any CPU.ActiveCfg = Release|Any CPU
		{96FBC936-F44E-4DE2-A64F-7E88E4CCD1E8}.Release|Any CPU.Build.0 = Release|Any CPU
		{FDEFA943-3CBD-40D1-8389-558BC85CD06D}.Debug|Any CPU.ActiveCfg = Debug|Any CPU
		{FDEFA943-3CBD-40D1-8389-558BC85CD06D}.Debug|Any CPU.Build.0 = Debug|Any CPU
		{FDEFA943-3CBD-40D1-8389-558BC85CD06D}.Release|Any CPU.ActiveCfg = Release|Any CPU
		{FDEFA943-3CBD-40D1-8389-558BC85CD06D}.Release|Any CPU.Build.0 = Release|Any CPU
		{D9EFD0C4-9309-4B1F-926F-CFCF67EB2A77}.Debug|Any CPU.ActiveCfg = Debug|Any CPU
		{D9EFD0C4-9309-4B1F-926F-CFCF67EB2A77}.Debug|Any CPU.Build.0 = Debug|Any CPU
		{D9EFD0C4-9309-4B1F-926F-CFCF67EB2A77}.Release|Any CPU.ActiveCfg = Release|Any CPU
		{D9EFD0C4-9309-4B1F-926F-CFCF67EB2A77}.Release|Any CPU.Build.0 = Release|Any CPU
	EndGlobalSection
	GlobalSection(SolutionProperties) = preSolution
		HideSolutionNode = FALSE
	EndGlobalSection
	GlobalSection(ExtensibilityGlobals) = postSolution
		SolutionGuid = {F463587A-9157-40B7-B6EF-686181D2C2CA}
	EndGlobalSection
EndGlobal
